
Microsoft Visual Studio Solution File, Format Version 12.00
# Visual Studio Version 17
VisualStudioVersion = 17.13.35818.85
MinimumVisualStudioVersion = 10.0.40219.1
Project("{FAE04EC0-301F-11D3-BF4B-00C04F79EFBC}") = "ElideusDotNetFramework.Tests", "ElideusDotNetFramework.Tests\ElideusDotNetFramework.Tests.csproj", "{3079842F-B0EC-4915-9D59-DE5CD4AD184A}"
EndProject
Project("{FAE04EC0-301F-11D3-BF4B-00C04F79EFBC}") = "ElideusDotNetFramework.Authentication", "ElideusDotNetFramework.Authentication\ElideusDotNetFramework.Authentication.csproj", "{FCE8D2B9-D547-4020-89FE-669A894145BB}"
EndProject
Project("{FAE04EC0-301F-11D3-BF4B-00C04F79EFBC}") = "ElideusDotNetFramework.ExternalServices", "ElideusDotNetFramework.ExternalServices\ElideusDotNetFramework.ExternalServices.csproj", "{46893642-AA95-4803-95A0-C8056AEC2BCB}"
EndProject
Project("{FAE04EC0-301F-11D3-BF4B-00C04F79EFBC}") = "ElideusDotNetFramework.Database", "ElideusDotNetFramework.Database\ElideusDotNetFramework.Database.csproj", "{9DFD8ED3-3BC5-4EE3-94DC-12F901C60CBF}"
EndProject
Project("{FAE04EC0-301F-11D3-BF4B-00C04F79EFBC}") = "ElideusDotNetFramework.Database.PostgreSql", "ElideusDotNetFramework.Database.PostgreSql\ElideusDotNetFramework.Database.PostgreSql.csproj", "{4F7B7314-3AC2-42D0-9744-A92B0B560247}"
EndProject
Project("{FAE04EC0-301F-11D3-BF4B-00C04F79EFBC}") = "ElideusDotNetFramework.Core", "ElideusDotNetFramework.Core\ElideusDotNetFramework.Core.csproj", "{836F3F36-94C6-4102-A31A-279EB7A34743}"
EndProject
Global
	GlobalSection(SolutionConfigurationPlatforms) = preSolution
		Debug|Any CPU = Debug|Any CPU
		Release|Any CPU = Release|Any CPU
	EndGlobalSection
	GlobalSection(ProjectConfigurationPlatforms) = postSolution
		{3079842F-B0EC-4915-9D59-DE5CD4AD184A}.Debug|Any CPU.ActiveCfg = Debug|Any CPU
		{3079842F-B0EC-4915-9D59-DE5CD4AD184A}.Debug|Any CPU.Build.0 = Debug|Any CPU
		{3079842F-B0EC-4915-9D59-DE5CD4AD184A}.Release|Any CPU.ActiveCfg = Release|Any CPU
		{3079842F-B0EC-4915-9D59-DE5CD4AD184A}.Release|Any CPU.Build.0 = Release|Any CPU
		{FCE8D2B9-D547-4020-89FE-669A894145BB}.Debug|Any CPU.ActiveCfg = Debug|Any CPU
		{FCE8D2B9-D547-4020-89FE-669A894145BB}.Debug|Any CPU.Build.0 = Debug|Any CPU
		{FCE8D2B9-D547-4020-89FE-669A894145BB}.Release|Any CPU.ActiveCfg = Release|Any CPU
		{FCE8D2B9-D547-4020-89FE-669A894145BB}.Release|Any CPU.Build.0 = Release|Any CPU
		{46893642-AA95-4803-95A0-C8056AEC2BCB}.Debug|Any CPU.ActiveCfg = Debug|Any CPU
		{46893642-AA95-4803-95A0-C8056AEC2BCB}.Debug|Any CPU.Build.0 = Debug|Any CPU
		{46893642-AA95-4803-95A0-C8056AEC2BCB}.Release|Any CPU.ActiveCfg = Release|Any CPU
		{46893642-AA95-4803-95A0-C8056AEC2BCB}.Release|Any CPU.Build.0 = Release|Any CPU
		{9DFD8ED3-3BC5-4EE3-94DC-12F901C60CBF}.Debug|Any CPU.ActiveCfg = Debug|Any CPU
		{9DFD8ED3-3BC5-4EE3-94DC-12F901C60CBF}.Debug|Any CPU.Build.0 = Debug|Any CPU
		{9DFD8ED3-3BC5-4EE3-94DC-12F901C60CBF}.Release|Any CPU.ActiveCfg = Release|Any CPU
		{9DFD8ED3-3BC5-4EE3-94DC-12F901C60CBF}.Release|Any CPU.Build.0 = Release|Any CPU
		{4F7B7314-3AC2-42D0-9744-A92B0B560247}.Debug|Any CPU.ActiveCfg = Debug|Any CPU
		{4F7B7314-3AC2-42D0-9744-A92B0B560247}.Debug|Any CPU.Build.0 = Debug|Any CPU
		{4F7B7314-3AC2-42D0-9744-A92B0B560247}.Release|Any CPU.ActiveCfg = Release|Any CPU
		{4F7B7314-3AC2-42D0-9744-A92B0B560247}.Release|Any CPU.Build.0 = Release|Any CPU
		{836F3F36-94C6-4102-A31A-279EB7A34743}.Debug|Any CPU.ActiveCfg = Debug|Any CPU
		{836F3F36-94C6-4102-A31A-279EB7A34743}.Debug|Any CPU.Build.0 = Debug|Any CPU
		{836F3F36-94C6-4102-A31A-279EB7A34743}.Release|Any CPU.ActiveCfg = Release|Any CPU
		{836F3F36-94C6-4102-A31A-279EB7A34743}.Release|Any CPU.Build.0 = Release|Any CPU
	EndGlobalSection
	GlobalSection(SolutionProperties) = preSolution
		HideSolutionNode = FALSE
	EndGlobalSection
	GlobalSection(ExtensibilityGlobals) = postSolution
		SolutionGuid = {90F58AAF-0CA6-43E9-86C2-B672011D2375}
	EndGlobalSection
EndGlobal
