
Microsoft Visual Studio Solution File, Format Version 12.00
# Visual Studio Version 17
VisualStudioVersion = 17.13.35818.85
MinimumVisualStudioVersion = 10.0.40219.1
Project("{FAE04EC0-301F-11D3-BF4B-00C04F79EFBC}") = "ElideusDotNetFramework", "ElideusDotNetFramework\ElideusDotNetFramework.csproj", "{202A4E0F-18D6-410D-802E-10B11E92A65A}"
EndProject
Project("{FAE04EC0-301F-11D3-BF4B-00C04F79EFBC}") = "ElideusDotNetFramework.Contracts", "ElideusDotNetFramework.Contracts\ElideusDotNetFramework.Contracts.csproj", "{0EE2058F-6541-4DD7-BDE2-559C102E706A}"
EndProject
Project("{FAE04EC0-301F-11D3-BF4B-00C04F79EFBC}") = "ElideusDotNetFramework.Tests", "ElideusDotNetFramework.Tests\ElideusDotNetFramework.Tests.csproj", "{38042C53-5E4B-4DA5-B8AB-EF6E040E5538}"
EndProject
Global
	GlobalSection(SolutionConfigurationPlatforms) = preSolution
		Debug|Any CPU = Debug|Any CPU
		Release|Any CPU = Release|Any CPU
	EndGlobalSection
	GlobalSection(ProjectConfigurationPlatforms) = postSolution
		{202A4E0F-18D6-410D-802E-10B11E92A65A}.Debug|Any CPU.ActiveCfg = Debug|Any CPU
		{202A4E0F-18D6-410D-802E-10B11E92A65A}.Debug|Any CPU.Build.0 = Debug|Any CPU
		{202A4E0F-18D6-410D-802E-10B11E92A65A}.Release|Any CPU.ActiveCfg = Release|Any CPU
		{202A4E0F-18D6-410D-802E-10B11E92A65A}.Release|Any CPU.Build.0 = Release|Any CPU
		{0EE2058F-6541-4DD7-BDE2-559C102E706A}.Debug|Any CPU.ActiveCfg = Debug|Any CPU
		{0EE2058F-6541-4DD7-BDE2-559C102E706A}.Debug|Any CPU.Build.0 = Debug|Any CPU
		{0EE2058F-6541-4DD7-BDE2-559C102E706A}.Release|Any CPU.ActiveCfg = Release|Any CPU
		{0EE2058F-6541-4DD7-BDE2-559C102E706A}.Release|Any CPU.Build.0 = Release|Any CPU
		{38042C53-5E4B-4DA5-B8AB-EF6E040E5538}.Debug|Any CPU.ActiveCfg = Debug|Any CPU
		{38042C53-5E4B-4DA5-B8AB-EF6E040E5538}.Debug|Any CPU.Build.0 = Debug|Any CPU
		{38042C53-5E4B-4DA5-B8AB-EF6E040E5538}.Release|Any CPU.ActiveCfg = Release|Any CPU
		{38042C53-5E4B-4DA5-B8AB-EF6E040E5538}.Release|Any CPU.Build.0 = Release|Any CPU
	EndGlobalSection
	GlobalSection(SolutionProperties) = preSolution
		HideSolutionNode = FALSE
	EndGlobalSection
	GlobalSection(ExtensibilityGlobals) = postSolution
		SolutionGuid = {90F58AAF-0CA6-43E9-86C2-B672011D2375}
	EndGlobalSection
EndGlobal
